// !$*UTF8*$!
{
	archiveVersion = 1;
	classes = {
	};
	objectVersion = 55;
	objects = {

/* Begin PBXBuildFile section */
		05E7AA5627EDC79000638EE0 /* HabitOKApp.swift in Sources */ = {isa = PBXBuildFile; fileRef = 05E7AA5527EDC79000638EE0 /* HabitOKApp.swift */; };
		05E7AA5827EDC79000638EE0 /* ContentView.swift in Sources */ = {isa = PBXBuildFile; fileRef = 05E7AA5727EDC79000638EE0 /* ContentView.swift */; };
		05E7AA5A27EDC79100638EE0 /* Assets.xcassets in Resources */ = {isa = PBXBuildFile; fileRef = 05E7AA5927EDC79100638EE0 /* Assets.xcassets */; };
		05E7AA5D27EDC79100638EE0 /* Preview Assets.xcassets in Resources */ = {isa = PBXBuildFile; fileRef = 05E7AA5C27EDC79100638EE0 /* Preview Assets.xcassets */; };
		05E7AA6527EDC8FD00638EE0 /* HabitModel.xcdatamodeld in Sources */ = {isa = PBXBuildFile; fileRef = 05E7AA6327EDC8FD00638EE0 /* HabitModel.xcdatamodeld */; };
		05E7AA7427EDD66A00638EE0 /* NotesEntity+CoreDataClass.swift in Sources */ = {isa = PBXBuildFile; fileRef = 05E7AA6C27EDD66A00638EE0 /* NotesEntity+CoreDataClass.swift */; };
		05E7AA7527EDD66A00638EE0 /* NotesEntity+CoreDataProperties.swift in Sources */ = {isa = PBXBuildFile; fileRef = 05E7AA6D27EDD66A00638EE0 /* NotesEntity+CoreDataProperties.swift */; };
		05E7AA7627EDD66A00638EE0 /* AreaEntity+CoreDataClass.swift in Sources */ = {isa = PBXBuildFile; fileRef = 05E7AA6E27EDD66A00638EE0 /* AreaEntity+CoreDataClass.swift */; };
		05E7AA7727EDD66A00638EE0 /* AreaEntity+CoreDataProperties.swift in Sources */ = {isa = PBXBuildFile; fileRef = 05E7AA6F27EDD66A00638EE0 /* AreaEntity+CoreDataProperties.swift */; };
		05E7AA7827EDD66A00638EE0 /* LogsEntity+CoreDataClass.swift in Sources */ = {isa = PBXBuildFile; fileRef = 05E7AA7027EDD66A00638EE0 /* LogsEntity+CoreDataClass.swift */; };
		05E7AA7927EDD66A00638EE0 /* LogsEntity+CoreDataProperties.swift in Sources */ = {isa = PBXBuildFile; fileRef = 05E7AA7127EDD66A00638EE0 /* LogsEntity+CoreDataProperties.swift */; };
		05E7AA7A27EDD66A00638EE0 /* HabitEntity+CoreDataClass.swift in Sources */ = {isa = PBXBuildFile; fileRef = 05E7AA7227EDD66A00638EE0 /* HabitEntity+CoreDataClass.swift */; };
		05E7AA7B27EDD66A00638EE0 /* HabitEntity+CoreDataProperties.swift in Sources */ = {isa = PBXBuildFile; fileRef = 05E7AA7327EDD66A00638EE0 /* HabitEntity+CoreDataProperties.swift */; };
		05E7AA7D27EDD83300638EE0 /* PersistenceController.swift in Sources */ = {isa = PBXBuildFile; fileRef = 05E7AA7C27EDD83300638EE0 /* PersistenceController.swift */; };
		05E7AA7F27EDD98000638EE0 /* AreaViewModel.swift in Sources */ = {isa = PBXBuildFile; fileRef = 05E7AA7E27EDD98000638EE0 /* AreaViewModel.swift */; };
		05E7AA8327EDE52000638EE0 /* NotAreaView.swift in Sources */ = {isa = PBXBuildFile; fileRef = 05E7AA8227EDE52000638EE0 /* NotAreaView.swift */; };
		05E7AA8527EDE65100638EE0 /* AreaNewView.swift in Sources */ = {isa = PBXBuildFile; fileRef = 05E7AA8427EDE65100638EE0 /* AreaNewView.swift */; };
		05E7AA8727EDE80300638EE0 /* SettingsView.swift in Sources */ = {isa = PBXBuildFile; fileRef = 05E7AA8627EDE80300638EE0 /* SettingsView.swift */; };
		05E7AA8927EDE9F800638EE0 /* HabitNewView.swift in Sources */ = {isa = PBXBuildFile; fileRef = 05E7AA8827EDE9F800638EE0 /* HabitNewView.swift */; };
		05E7AA8B27EDECBA00638EE0 /* KeyboardListener.swift in Sources */ = {isa = PBXBuildFile; fileRef = 05E7AA8A27EDECBA00638EE0 /* KeyboardListener.swift */; };
		05E7AA8D27EDECE300638EE0 /* ColorSwatchView.swift in Sources */ = {isa = PBXBuildFile; fileRef = 05E7AA8C27EDECE300638EE0 /* ColorSwatchView.swift */; };
		05E7AA8F27EDED0500638EE0 /* SFSymbolsPicker.swift in Sources */ = {isa = PBXBuildFile; fileRef = 05E7AA8E27EDED0500638EE0 /* SFSymbolsPicker.swift */; };
		05E7AA9127EDED0C00638EE0 /* Symbols.swift in Sources */ = {isa = PBXBuildFile; fileRef = 05E7AA9027EDED0C00638EE0 /* Symbols.swift */; };
		05E7AA9327EDED1200638EE0 /* UsageExample.swift in Sources */ = {isa = PBXBuildFile; fileRef = 05E7AA9227EDED1200638EE0 /* UsageExample.swift */; };
		05E7AA9727EDF69800638EE0 /* AreasListView.swift in Sources */ = {isa = PBXBuildFile; fileRef = 05E7AA9627EDF69800638EE0 /* AreasListView.swift */; };
		05E7AA9927EDF6B100638EE0 /* AreaCallView.swift in Sources */ = {isa = PBXBuildFile; fileRef = 05E7AA9827EDF6B100638EE0 /* AreaCallView.swift */; };
		05E7AA9B27EDF91F00638EE0 /* HeaderSettingView.swift in Sources */ = {isa = PBXBuildFile; fileRef = 05E7AA9A27EDF91F00638EE0 /* HeaderSettingView.swift */; };
		05E7AA9D27EE0C0900638EE0 /* NotHabitView.swift in Sources */ = {isa = PBXBuildFile; fileRef = 05E7AA9C27EE0C0900638EE0 /* NotHabitView.swift */; };
		05E7AA9F27EE0C5E00638EE0 /* HabitViewModel.swift in Sources */ = {isa = PBXBuildFile; fileRef = 05E7AA9E27EE0C5E00638EE0 /* HabitViewModel.swift */; };
		05E7AAA227EE15E700638EE0 /* MainListHabitView.swift in Sources */ = {isa = PBXBuildFile; fileRef = 05E7AAA127EE15E700638EE0 /* MainListHabitView.swift */; };
		05E7AAA427EE160200638EE0 /* MainHabitCallView.swift in Sources */ = {isa = PBXBuildFile; fileRef = 05E7AAA327EE160200638EE0 /* MainHabitCallView.swift */; };
		05E7AAA627EF169200638EE0 /* LogViewModel.swift in Sources */ = {isa = PBXBuildFile; fileRef = 05E7AAA527EF169200638EE0 /* LogViewModel.swift */; };
		05E7AAA827EF2ED200638EE0 /* LogListView.swift in Sources */ = {isa = PBXBuildFile; fileRef = 05E7AAA727EF2ED200638EE0 /* LogListView.swift */; };
		05E7AAAA27EF337900638EE0 /* NoteViewModel.swift in Sources */ = {isa = PBXBuildFile; fileRef = 05E7AAA927EF337900638EE0 /* NoteViewModel.swift */; };
		05E7AAAD27EF353C00638EE0 /* NewNoteView.swift in Sources */ = {isa = PBXBuildFile; fileRef = 05E7AAAC27EF353C00638EE0 /* NewNoteView.swift */; };
		05E7AAAF27EF355200638EE0 /* NoteListView.swift in Sources */ = {isa = PBXBuildFile; fileRef = 05E7AAAE27EF355200638EE0 /* NoteListView.swift */; };
		05E7AAB127EF356500638EE0 /* NoteCallView.swift in Sources */ = {isa = PBXBuildFile; fileRef = 05E7AAB027EF356500638EE0 /* NoteCallView.swift */; };
/* End PBXBuildFile section */

/* Begin PBXFileReference section */
		05E7AA5227EDC79000638EE0 /* HabitOK.app */ = {isa = PBXFileReference; explicitFileType = wrapper.application; includeInIndex = 0; path = HabitOK.app; sourceTree = BUILT_PRODUCTS_DIR; };
		05E7AA5527EDC79000638EE0 /* HabitOKApp.swift */ = {isa = PBXFileReference; lastKnownFileType = sourcecode.swift; path = HabitOKApp.swift; sourceTree = "<group>"; };
		05E7AA5727EDC79000638EE0 /* ContentView.swift */ = {isa = PBXFileReference; lastKnownFileType = sourcecode.swift; path = ContentView.swift; sourceTree = "<group>"; };
		05E7AA5927EDC79100638EE0 /* Assets.xcassets */ = {isa = PBXFileReference; lastKnownFileType = folder.assetcatalog; path = Assets.xcassets; sourceTree = "<group>"; };
		05E7AA5C27EDC79100638EE0 /* Preview Assets.xcassets */ = {isa = PBXFileReference; lastKnownFileType = folder.assetcatalog; path = "Preview Assets.xcassets"; sourceTree = "<group>"; };
		05E7AA6427EDC8FD00638EE0 /* HabitModel.xcdatamodel */ = {isa = PBXFileReference; lastKnownFileType = wrapper.xcdatamodel; path = HabitModel.xcdatamodel; sourceTree = "<group>"; };
		05E7AA6C27EDD66A00638EE0 /* NotesEntity+CoreDataClass.swift */ = {isa = PBXFileReference; lastKnownFileType = sourcecode.swift; path = "NotesEntity+CoreDataClass.swift"; sourceTree = "<group>"; };
		05E7AA6D27EDD66A00638EE0 /* NotesEntity+CoreDataProperties.swift */ = {isa = PBXFileReference; lastKnownFileType = sourcecode.swift; path = "NotesEntity+CoreDataProperties.swift"; sourceTree = "<group>"; };
		05E7AA6E27EDD66A00638EE0 /* AreaEntity+CoreDataClass.swift */ = {isa = PBXFileReference; lastKnownFileType = sourcecode.swift; path = "AreaEntity+CoreDataClass.swift"; sourceTree = "<group>"; };
		05E7AA6F27EDD66A00638EE0 /* AreaEntity+CoreDataProperties.swift */ = {isa = PBXFileReference; lastKnownFileType = sourcecode.swift; path = "AreaEntity+CoreDataProperties.swift"; sourceTree = "<group>"; };
		05E7AA7027EDD66A00638EE0 /* LogsEntity+CoreDataClass.swift */ = {isa = PBXFileReference; lastKnownFileType = sourcecode.swift; path = "LogsEntity+CoreDataClass.swift"; sourceTree = "<group>"; };
		05E7AA7127EDD66A00638EE0 /* LogsEntity+CoreDataProperties.swift */ = {isa = PBXFileReference; lastKnownFileType = sourcecode.swift; path = "LogsEntity+CoreDataProperties.swift"; sourceTree = "<group>"; };
		05E7AA7227EDD66A00638EE0 /* HabitEntity+CoreDataClass.swift */ = {isa = PBXFileReference; lastKnownFileType = sourcecode.swift; path = "HabitEntity+CoreDataClass.swift"; sourceTree = "<group>"; };
		05E7AA7327EDD66A00638EE0 /* HabitEntity+CoreDataProperties.swift */ = {isa = PBXFileReference; lastKnownFileType = sourcecode.swift; path = "HabitEntity+CoreDataProperties.swift"; sourceTree = "<group>"; };
		05E7AA7C27EDD83300638EE0 /* PersistenceController.swift */ = {isa = PBXFileReference; lastKnownFileType = sourcecode.swift; path = PersistenceController.swift; sourceTree = "<group>"; };
		05E7AA7E27EDD98000638EE0 /* AreaViewModel.swift */ = {isa = PBXFileReference; lastKnownFileType = sourcecode.swift; path = AreaViewModel.swift; sourceTree = "<group>"; };
		05E7AA8227EDE52000638EE0 /* NotAreaView.swift */ = {isa = PBXFileReference; lastKnownFileType = sourcecode.swift; path = NotAreaView.swift; sourceTree = "<group>"; };
		05E7AA8427EDE65100638EE0 /* AreaNewView.swift */ = {isa = PBXFileReference; lastKnownFileType = sourcecode.swift; path = AreaNewView.swift; sourceTree = "<group>"; };
		05E7AA8627EDE80300638EE0 /* SettingsView.swift */ = {isa = PBXFileReference; lastKnownFileType = sourcecode.swift; path = SettingsView.swift; sourceTree = "<group>"; };
		05E7AA8827EDE9F800638EE0 /* HabitNewView.swift */ = {isa = PBXFileReference; lastKnownFileType = sourcecode.swift; path = HabitNewView.swift; sourceTree = "<group>"; };
		05E7AA8A27EDECBA00638EE0 /* KeyboardListener.swift */ = {isa = PBXFileReference; lastKnownFileType = sourcecode.swift; path = KeyboardListener.swift; sourceTree = "<group>"; };
		05E7AA8C27EDECE300638EE0 /* ColorSwatchView.swift */ = {isa = PBXFileReference; lastKnownFileType = sourcecode.swift; path = ColorSwatchView.swift; sourceTree = "<group>"; };
		05E7AA8E27EDED0500638EE0 /* SFSymbolsPicker.swift */ = {isa = PBXFileReference; fileEncoding = 4; lastKnownFileType = sourcecode.swift; path = SFSymbolsPicker.swift; sourceTree = "<group>"; };
		05E7AA9027EDED0C00638EE0 /* Symbols.swift */ = {isa = PBXFileReference; fileEncoding = 4; lastKnownFileType = sourcecode.swift; path = Symbols.swift; sourceTree = "<group>"; };
		05E7AA9227EDED1200638EE0 /* UsageExample.swift */ = {isa = PBXFileReference; fileEncoding = 4; lastKnownFileType = sourcecode.swift; path = UsageExample.swift; sourceTree = "<group>"; };
		05E7AA9627EDF69800638EE0 /* AreasListView.swift */ = {isa = PBXFileReference; lastKnownFileType = sourcecode.swift; path = AreasListView.swift; sourceTree = "<group>"; };
		05E7AA9827EDF6B100638EE0 /* AreaCallView.swift */ = {isa = PBXFileReference; lastKnownFileType = sourcecode.swift; path = AreaCallView.swift; sourceTree = "<group>"; };
		05E7AA9A27EDF91F00638EE0 /* HeaderSettingView.swift */ = {isa = PBXFileReference; lastKnownFileType = sourcecode.swift; path = HeaderSettingView.swift; sourceTree = "<group>"; };
		05E7AA9C27EE0C0900638EE0 /* NotHabitView.swift */ = {isa = PBXFileReference; lastKnownFileType = sourcecode.swift; path = NotHabitView.swift; sourceTree = "<group>"; };
		05E7AA9E27EE0C5E00638EE0 /* HabitViewModel.swift */ = {isa = PBXFileReference; lastKnownFileType = sourcecode.swift; path = HabitViewModel.swift; sourceTree = "<group>"; };
		05E7AAA127EE15E700638EE0 /* MainListHabitView.swift */ = {isa = PBXFileReference; lastKnownFileType = sourcecode.swift; path = MainListHabitView.swift; sourceTree = "<group>"; };
		05E7AAA327EE160200638EE0 /* MainHabitCallView.swift */ = {isa = PBXFileReference; lastKnownFileType = sourcecode.swift; path = MainHabitCallView.swift; sourceTree = "<group>"; };
		05E7AAA527EF169200638EE0 /* LogViewModel.swift */ = {isa = PBXFileReference; lastKnownFileType = sourcecode.swift; path = LogViewModel.swift; sourceTree = "<group>"; };
		05E7AAA727EF2ED200638EE0 /* LogListView.swift */ = {isa = PBXFileReference; lastKnownFileType = sourcecode.swift; path = LogListView.swift; sourceTree = "<group>"; };
		05E7AAA927EF337900638EE0 /* NoteViewModel.swift */ = {isa = PBXFileReference; lastKnownFileType = sourcecode.swift; path = NoteViewModel.swift; sourceTree = "<group>"; };
		05E7AAAC27EF353C00638EE0 /* NewNoteView.swift */ = {isa = PBXFileReference; lastKnownFileType = sourcecode.swift; path = NewNoteView.swift; sourceTree = "<group>"; };
		05E7AAAE27EF355200638EE0 /* NoteListView.swift */ = {isa = PBXFileReference; lastKnownFileType = sourcecode.swift; path = NoteListView.swift; sourceTree = "<group>"; };
		05E7AAB027EF356500638EE0 /* NoteCallView.swift */ = {isa = PBXFileReference; lastKnownFileType = sourcecode.swift; path = NoteCallView.swift; sourceTree = "<group>"; };
/* End PBXFileReference section */

/* Begin PBXFrameworksBuildPhase section */
		05E7AA4F27EDC79000638EE0 /* Frameworks */ = {
			isa = PBXFrameworksBuildPhase;
			buildActionMask = 2147483647;
			files = (
			);
			runOnlyForDeploymentPostprocessing = 0;
		};
/* End PBXFrameworksBuildPhase section */

/* Begin PBXGroup section */
		05E7AA4927EDC79000638EE0 = {
			isa = PBXGroup;
			children = (
				05E7AA6C27EDD66A00638EE0 /* NotesEntity+CoreDataClass.swift */,
				05E7AA6D27EDD66A00638EE0 /* NotesEntity+CoreDataProperties.swift */,
				05E7AA6E27EDD66A00638EE0 /* AreaEntity+CoreDataClass.swift */,
				05E7AA6F27EDD66A00638EE0 /* AreaEntity+CoreDataProperties.swift */,
				05E7AA7027EDD66A00638EE0 /* LogsEntity+CoreDataClass.swift */,
				05E7AA7127EDD66A00638EE0 /* LogsEntity+CoreDataProperties.swift */,
				05E7AA7227EDD66A00638EE0 /* HabitEntity+CoreDataClass.swift */,
				05E7AA7327EDD66A00638EE0 /* HabitEntity+CoreDataProperties.swift */,
				05E7AA5427EDC79000638EE0 /* HabitOK */,
				05E7AA5327EDC79000638EE0 /* Products */,
			);
			sourceTree = "<group>";
		};
		05E7AA5327EDC79000638EE0 /* Products */ = {
			isa = PBXGroup;
			children = (
				05E7AA5227EDC79000638EE0 /* HabitOK.app */,
			);
			name = Products;
			sourceTree = "<group>";
		};
		05E7AA5427EDC79000638EE0 /* HabitOK */ = {
			isa = PBXGroup;
			children = (
				05E7AA6627EDD0E700638EE0 /* Model */,
				05E7AA6727EDD0F000638EE0 /* View */,
				05E7AA6827EDD0F700638EE0 /* ViewModel */,
				05E7AA9527EDED3700638EE0 /* Lib */,
				05E7AA5527EDC79000638EE0 /* HabitOKApp.swift */,
				05E7AA6327EDC8FD00638EE0 /* HabitModel.xcdatamodeld */,
				05E7AA5927EDC79100638EE0 /* Assets.xcassets */,
				05E7AA5B27EDC79100638EE0 /* Preview Content */,
			);
			path = HabitOK;
			sourceTree = "<group>";
		};
		05E7AA5B27EDC79100638EE0 /* Preview Content */ = {
			isa = PBXGroup;
			children = (
				05E7AA5C27EDC79100638EE0 /* Preview Assets.xcassets */,
			);
			path = "Preview Content";
			sourceTree = "<group>";
		};
		05E7AA6627EDD0E700638EE0 /* Model */ = {
			isa = PBXGroup;
			children = (
			);
			path = Model;
			sourceTree = "<group>";
		};
		05E7AA6727EDD0F000638EE0 /* View */ = {
			isa = PBXGroup;
			children = (
				05E7AAA027EE159C00638EE0 /* Main */,
				05E7AA6B27EDD18600638EE0 /* Area */,
				05E7AA6A27EDD17A00638EE0 /* Habit */,
				05E7AAAB27EF351A00638EE0 /* Note */,
				05E7AA6927EDD16F00638EE0 /* Settings */,
			);
			path = View;
			sourceTree = "<group>";
		};
		05E7AA6827EDD0F700638EE0 /* ViewModel */ = {
			isa = PBXGroup;
			children = (
				05E7AA7E27EDD98000638EE0 /* AreaViewModel.swift */,
				05E7AA9E27EE0C5E00638EE0 /* HabitViewModel.swift */,
				05E7AAA527EF169200638EE0 /* LogViewModel.swift */,
				05E7AAA927EF337900638EE0 /* NoteViewModel.swift */,
			);
			path = ViewModel;
			sourceTree = "<group>";
		};
		05E7AA6927EDD16F00638EE0 /* Settings */ = {
			isa = PBXGroup;
			children = (
				05E7AA8627EDE80300638EE0 /* SettingsView.swift */,
				05E7AA9A27EDF91F00638EE0 /* HeaderSettingView.swift */,
				05E7AAA727EF2ED200638EE0 /* LogListView.swift */,
			);
			path = Settings;
			sourceTree = "<group>";
		};
		05E7AA6A27EDD17A00638EE0 /* Habit */ = {
			isa = PBXGroup;
			children = (
				05E7AA8827EDE9F800638EE0 /* HabitNewView.swift */,
				05E7AA9C27EE0C0900638EE0 /* NotHabitView.swift */,
			);
			path = Habit;
			sourceTree = "<group>";
		};
		05E7AA6B27EDD18600638EE0 /* Area */ = {
			isa = PBXGroup;
			children = (
				05E7AA8227EDE52000638EE0 /* NotAreaView.swift */,
				05E7AA8427EDE65100638EE0 /* AreaNewView.swift */,
				05E7AA9627EDF69800638EE0 /* AreasListView.swift */,
				05E7AA9827EDF6B100638EE0 /* AreaCallView.swift */,
			);
			path = Area;
			sourceTree = "<group>";
		};
		05E7AA9427EDED1F00638EE0 /* SFSymbolsPicker */ = {
			isa = PBXGroup;
			children = (
				05E7AA8E27EDED0500638EE0 /* SFSymbolsPicker.swift */,
				05E7AA9027EDED0C00638EE0 /* Symbols.swift */,
				05E7AA9227EDED1200638EE0 /* UsageExample.swift */,
			);
			path = SFSymbolsPicker;
			sourceTree = "<group>";
		};
		05E7AA9527EDED3700638EE0 /* Lib */ = {
			isa = PBXGroup;
			children = (
				05E7AA8C27EDECE300638EE0 /* ColorSwatchView.swift */,
				05E7AA8A27EDECBA00638EE0 /* KeyboardListener.swift */,
				05E7AA7C27EDD83300638EE0 /* PersistenceController.swift */,
				05E7AA9427EDED1F00638EE0 /* SFSymbolsPicker */,
			);
			path = Lib;
			sourceTree = "<group>";
		};
		05E7AAA027EE159C00638EE0 /* Main */ = {
			isa = PBXGroup;
			children = (
				05E7AA5727EDC79000638EE0 /* ContentView.swift */,
				05E7AAA127EE15E700638EE0 /* MainListHabitView.swift */,
				05E7AAA327EE160200638EE0 /* MainHabitCallView.swift */,
			);
			path = Main;
			sourceTree = "<group>";
		};
		05E7AAAB27EF351A00638EE0 /* Note */ = {
			isa = PBXGroup;
			children = (
				05E7AAAC27EF353C00638EE0 /* NewNoteView.swift */,
				05E7AAAE27EF355200638EE0 /* NoteListView.swift */,
				05E7AAB027EF356500638EE0 /* NoteCallView.swift */,
			);
			path = Note;
			sourceTree = "<group>";
		};
/* End PBXGroup section */

/* Begin PBXNativeTarget section */
		05E7AA5127EDC79000638EE0 /* HabitOK */ = {
			isa = PBXNativeTarget;
			buildConfigurationList = 05E7AA6027EDC79100638EE0 /* Build configuration list for PBXNativeTarget "HabitOK" */;
			buildPhases = (
				05E7AA4E27EDC79000638EE0 /* Sources */,
				05E7AA4F27EDC79000638EE0 /* Frameworks */,
				05E7AA5027EDC79000638EE0 /* Resources */,
			);
			buildRules = (
			);
			dependencies = (
			);
			name = HabitOK;
			productName = HabitOK;
			productReference = 05E7AA5227EDC79000638EE0 /* HabitOK.app */;
			productType = "com.apple.product-type.application";
		};
/* End PBXNativeTarget section */

/* Begin PBXProject section */
		05E7AA4A27EDC79000638EE0 /* Project object */ = {
			isa = PBXProject;
			attributes = {
				BuildIndependentTargetsInParallel = 1;
				LastSwiftUpdateCheck = 1330;
				LastUpgradeCheck = 1330;
				TargetAttributes = {
					05E7AA5127EDC79000638EE0 = {
						CreatedOnToolsVersion = 13.3;
					};
				};
			};
			buildConfigurationList = 05E7AA4D27EDC79000638EE0 /* Build configuration list for PBXProject "HabitOK" */;
			compatibilityVersion = "Xcode 13.0";
			developmentRegion = en;
			hasScannedForEncodings = 0;
			knownRegions = (
				en,
				Base,
			);
			mainGroup = 05E7AA4927EDC79000638EE0;
			productRefGroup = 05E7AA5327EDC79000638EE0 /* Products */;
			projectDirPath = "";
			projectRoot = "";
			targets = (
				05E7AA5127EDC79000638EE0 /* HabitOK */,
			);
		};
/* End PBXProject section */

/* Begin PBXResourcesBuildPhase section */
		05E7AA5027EDC79000638EE0 /* Resources */ = {
			isa = PBXResourcesBuildPhase;
			buildActionMask = 2147483647;
			files = (
				05E7AA5D27EDC79100638EE0 /* Preview Assets.xcassets in Resources */,
				05E7AA5A27EDC79100638EE0 /* Assets.xcassets in Resources */,
			);
			runOnlyForDeploymentPostprocessing = 0;
		};
/* End PBXResourcesBuildPhase section */

/* Begin PBXSourcesBuildPhase section */
		05E7AA4E27EDC79000638EE0 /* Sources */ = {
			isa = PBXSourcesBuildPhase;
			buildActionMask = 2147483647;
			files = (
				05E7AAAF27EF355200638EE0 /* NoteListView.swift in Sources */,
				05E7AA7427EDD66A00638EE0 /* NotesEntity+CoreDataClass.swift in Sources */,
				05E7AAA627EF169200638EE0 /* LogViewModel.swift in Sources */,
				05E7AA5827EDC79000638EE0 /* ContentView.swift in Sources */,
				05E7AA7527EDD66A00638EE0 /* NotesEntity+CoreDataProperties.swift in Sources */,
				05E7AA7D27EDD83300638EE0 /* PersistenceController.swift in Sources */,
				05E7AAB127EF356500638EE0 /* NoteCallView.swift in Sources */,
				05E7AA9327EDED1200638EE0 /* UsageExample.swift in Sources */,
				05E7AA8B27EDECBA00638EE0 /* KeyboardListener.swift in Sources */,
				05E7AA9B27EDF91F00638EE0 /* HeaderSettingView.swift in Sources */,
				05E7AA7727EDD66A00638EE0 /* AreaEntity+CoreDataProperties.swift in Sources */,
				05E7AA9727EDF69800638EE0 /* AreasListView.swift in Sources */,
				05E7AA9127EDED0C00638EE0 /* Symbols.swift in Sources */,
				05E7AA7F27EDD98000638EE0 /* AreaViewModel.swift in Sources */,
				05E7AA5627EDC79000638EE0 /* HabitOKApp.swift in Sources */,
				05E7AA6527EDC8FD00638EE0 /* HabitModel.xcdatamodeld in Sources */,
				05E7AA7B27EDD66A00638EE0 /* HabitEntity+CoreDataProperties.swift in Sources */,
				05E7AAA227EE15E700638EE0 /* MainListHabitView.swift in Sources */,
				05E7AAAD27EF353C00638EE0 /* NewNoteView.swift in Sources */,
				05E7AAAA27EF337900638EE0 /* NoteViewModel.swift in Sources */,
				05E7AAA827EF2ED200638EE0 /* LogListView.swift in Sources */,
				05E7AAA427EE160200638EE0 /* MainHabitCallView.swift in Sources */,
				05E7AA8727EDE80300638EE0 /* SettingsView.swift in Sources */,
				05E7AA9F27EE0C5E00638EE0 /* HabitViewModel.swift in Sources */,
				05E7AA8527EDE65100638EE0 /* AreaNewView.swift in Sources */,
				05E7AA7627EDD66A00638EE0 /* AreaEntity+CoreDataClass.swift in Sources */,
				05E7AA7827EDD66A00638EE0 /* LogsEntity+CoreDataClass.swift in Sources */,
				05E7AA7927EDD66A00638EE0 /* LogsEntity+CoreDataProperties.swift in Sources */,
				05E7AA7A27EDD66A00638EE0 /* HabitEntity+CoreDataClass.swift in Sources */,
				05E7AA8F27EDED0500638EE0 /* SFSymbolsPicker.swift in Sources */,
				05E7AA8D27EDECE300638EE0 /* ColorSwatchView.swift in Sources */,
				05E7AA9927EDF6B100638EE0 /* AreaCallView.swift in Sources */,
				05E7AA8327EDE52000638EE0 /* NotAreaView.swift in Sources */,
				05E7AA8927EDE9F800638EE0 /* HabitNewView.swift in Sources */,
				05E7AA9D27EE0C0900638EE0 /* NotHabitView.swift in Sources */,
			);
			runOnlyForDeploymentPostprocessing = 0;
		};
/* End PBXSourcesBuildPhase section */

/* Begin XCBuildConfiguration section */
		05E7AA5E27EDC79100638EE0 /* Debug */ = {
			isa = XCBuildConfiguration;
			buildSettings = {
				ALWAYS_SEARCH_USER_PATHS = NO;
				CLANG_ANALYZER_NONNULL = YES;
				CLANG_ANALYZER_NUMBER_OBJECT_CONVERSION = YES_AGGRESSIVE;
				CLANG_CXX_LANGUAGE_STANDARD = "gnu++17";
				CLANG_ENABLE_MODULES = YES;
				CLANG_ENABLE_OBJC_ARC = YES;
				CLANG_ENABLE_OBJC_WEAK = YES;
				CLANG_WARN_BLOCK_CAPTURE_AUTORELEASING = YES;
				CLANG_WARN_BOOL_CONVERSION = YES;
				CLANG_WARN_COMMA = YES;
				CLANG_WARN_CONSTANT_CONVERSION = YES;
				CLANG_WARN_DEPRECATED_OBJC_IMPLEMENTATIONS = YES;
				CLANG_WARN_DIRECT_OBJC_ISA_USAGE = YES_ERROR;
				CLANG_WARN_DOCUMENTATION_COMMENTS = YES;
				CLANG_WARN_EMPTY_BODY = YES;
				CLANG_WARN_ENUM_CONVERSION = YES;
				CLANG_WARN_INFINITE_RECURSION = YES;
				CLANG_WARN_INT_CONVERSION = YES;
				CLANG_WARN_NON_LITERAL_NULL_CONVERSION = YES;
				CLANG_WARN_OBJC_IMPLICIT_RETAIN_SELF = YES;
				CLANG_WARN_OBJC_LITERAL_CONVERSION = YES;
				CLANG_WARN_OBJC_ROOT_CLASS = YES_ERROR;
				CLANG_WARN_QUOTED_INCLUDE_IN_FRAMEWORK_HEADER = YES;
				CLANG_WARN_RANGE_LOOP_ANALYSIS = YES;
				CLANG_WARN_STRICT_PROTOTYPES = YES;
				CLANG_WARN_SUSPICIOUS_MOVE = YES;
				CLANG_WARN_UNGUARDED_AVAILABILITY = YES_AGGRESSIVE;
				CLANG_WARN_UNREACHABLE_CODE = YES;
				CLANG_WARN__DUPLICATE_METHOD_MATCH = YES;
				COPY_PHASE_STRIP = NO;
				DEBUG_INFORMATION_FORMAT = dwarf;
				ENABLE_STRICT_OBJC_MSGSEND = YES;
				ENABLE_TESTABILITY = YES;
				GCC_C_LANGUAGE_STANDARD = gnu11;
				GCC_DYNAMIC_NO_PIC = NO;
				GCC_NO_COMMON_BLOCKS = YES;
				GCC_OPTIMIZATION_LEVEL = 0;
				GCC_PREPROCESSOR_DEFINITIONS = (
					"DEBUG=1",
					"$(inherited)",
				);
				GCC_WARN_64_TO_32_BIT_CONVERSION = YES;
				GCC_WARN_ABOUT_RETURN_TYPE = YES_ERROR;
				GCC_WARN_UNDECLARED_SELECTOR = YES;
				GCC_WARN_UNINITIALIZED_AUTOS = YES_AGGRESSIVE;
				GCC_WARN_UNUSED_FUNCTION = YES;
				GCC_WARN_UNUSED_VARIABLE = YES;
				IPHONEOS_DEPLOYMENT_TARGET = 15.4;
				MTL_ENABLE_DEBUG_INFO = INCLUDE_SOURCE;
				MTL_FAST_MATH = YES;
				ONLY_ACTIVE_ARCH = YES;
				SDKROOT = iphoneos;
				SWIFT_ACTIVE_COMPILATION_CONDITIONS = DEBUG;
				SWIFT_OPTIMIZATION_LEVEL = "-Onone";
			};
			name = Debug;
		};
		05E7AA5F27EDC79100638EE0 /* Release */ = {
			isa = XCBuildConfiguration;
			buildSettings = {
				ALWAYS_SEARCH_USER_PATHS = NO;
				CLANG_ANALYZER_NONNULL = YES;
				CLANG_ANALYZER_NUMBER_OBJECT_CONVERSION = YES_AGGRESSIVE;
				CLANG_CXX_LANGUAGE_STANDARD = "gnu++17";
				CLANG_ENABLE_MODULES = YES;
				CLANG_ENABLE_OBJC_ARC = YES;
				CLANG_ENABLE_OBJC_WEAK = YES;
				CLANG_WARN_BLOCK_CAPTURE_AUTORELEASING = YES;
				CLANG_WARN_BOOL_CONVERSION = YES;
				CLANG_WARN_COMMA = YES;
				CLANG_WARN_CONSTANT_CONVERSION = YES;
				CLANG_WARN_DEPRECATED_OBJC_IMPLEMENTATIONS = YES;
				CLANG_WARN_DIRECT_OBJC_ISA_USAGE = YES_ERROR;
				CLANG_WARN_DOCUMENTATION_COMMENTS = YES;
				CLANG_WARN_EMPTY_BODY = YES;
				CLANG_WARN_ENUM_CONVERSION = YES;
				CLANG_WARN_INFINITE_RECURSION = YES;
				CLANG_WARN_INT_CONVERSION = YES;
				CLANG_WARN_NON_LITERAL_NULL_CONVERSION = YES;
				CLANG_WARN_OBJC_IMPLICIT_RETAIN_SELF = YES;
				CLANG_WARN_OBJC_LITERAL_CONVERSION = YES;
				CLANG_WARN_OBJC_ROOT_CLASS = YES_ERROR;
				CLANG_WARN_QUOTED_INCLUDE_IN_FRAMEWORK_HEADER = YES;
				CLANG_WARN_RANGE_LOOP_ANALYSIS = YES;
				CLANG_WARN_STRICT_PROTOTYPES = YES;
				CLANG_WARN_SUSPICIOUS_MOVE = YES;
				CLANG_WARN_UNGUARDED_AVAILABILITY = YES_AGGRESSIVE;
				CLANG_WARN_UNREACHABLE_CODE = YES;
				CLANG_WARN__DUPLICATE_METHOD_MATCH = YES;
				COPY_PHASE_STRIP = NO;
				DEBUG_INFORMATION_FORMAT = "dwarf-with-dsym";
				ENABLE_NS_ASSERTIONS = NO;
				ENABLE_STRICT_OBJC_MSGSEND = YES;
				GCC_C_LANGUAGE_STANDARD = gnu11;
				GCC_NO_COMMON_BLOCKS = YES;
				GCC_WARN_64_TO_32_BIT_CONVERSION = YES;
				GCC_WARN_ABOUT_RETURN_TYPE = YES_ERROR;
				GCC_WARN_UNDECLARED_SELECTOR = YES;
				GCC_WARN_UNINITIALIZED_AUTOS = YES_AGGRESSIVE;
				GCC_WARN_UNUSED_FUNCTION = YES;
				GCC_WARN_UNUSED_VARIABLE = YES;
				IPHONEOS_DEPLOYMENT_TARGET = 15.4;
				MTL_ENABLE_DEBUG_INFO = NO;
				MTL_FAST_MATH = YES;
				SDKROOT = iphoneos;
				SWIFT_COMPILATION_MODE = wholemodule;
				SWIFT_OPTIMIZATION_LEVEL = "-O";
				VALIDATE_PRODUCT = YES;
			};
			name = Release;
		};
		05E7AA6127EDC79100638EE0 /* Debug */ = {
			isa = XCBuildConfiguration;
			buildSettings = {
				ASSETCATALOG_COMPILER_APPICON_NAME = AppIcon;
				ASSETCATALOG_COMPILER_GLOBAL_ACCENT_COLOR_NAME = AccentColor;
				CODE_SIGN_STYLE = Automatic;
				CURRENT_PROJECT_VERSION = 1;
				DEVELOPMENT_ASSET_PATHS = "\"HabitOK/Preview Content\"";
				DEVELOPMENT_TEAM = U6LJ73DDJU;
				ENABLE_PREVIEWS = YES;
				GENERATE_INFOPLIST_FILE = YES;
				INFOPLIST_KEY_UIApplicationSceneManifest_Generation = YES;
				INFOPLIST_KEY_UIApplicationSupportsIndirectInputEvents = YES;
				INFOPLIST_KEY_UILaunchScreen_Generation = YES;
				INFOPLIST_KEY_UISupportedInterfaceOrientations_iPad = "UIInterfaceOrientationPortrait UIInterfaceOrientationPortraitUpsideDown UIInterfaceOrientationLandscapeLeft UIInterfaceOrientationLandscapeRight";
				INFOPLIST_KEY_UISupportedInterfaceOrientations_iPhone = "UIInterfaceOrientationPortrait UIInterfaceOrientationLandscapeLeft UIInterfaceOrientationLandscapeRight";
				LD_RUNPATH_SEARCH_PATHS = (
					"$(inherited)",
					"@executable_path/Frameworks",
				);
				MARKETING_VERSION = 1.0;
				PRODUCT_BUNDLE_IDENTIFIER = com.sherstyuk.HabitOK;
				PRODUCT_NAME = "$(TARGET_NAME)";
				SWIFT_EMIT_LOC_STRINGS = YES;
				SWIFT_VERSION = 5.0;
				TARGETED_DEVICE_FAMILY = "1,2";
			};
			name = Debug;
		};
		05E7AA6227EDC79100638EE0 /* Release */ = {
			isa = XCBuildConfiguration;
			buildSettings = {
				ASSETCATALOG_COMPILER_APPICON_NAME = AppIcon;
				ASSETCATALOG_COMPILER_GLOBAL_ACCENT_COLOR_NAME = AccentColor;
				CODE_SIGN_STYLE = Automatic;
				CURRENT_PROJECT_VERSION = 1;
				DEVELOPMENT_ASSET_PATHS = "\"HabitOK/Preview Content\"";
				DEVELOPMENT_TEAM = U6LJ73DDJU;
				ENABLE_PREVIEWS = YES;
				GENERATE_INFOPLIST_FILE = YES;
				INFOPLIST_KEY_UIApplicationSceneManifest_Generation = YES;
				INFOPLIST_KEY_UIApplicationSupportsIndirectInputEvents = YES;
				INFOPLIST_KEY_UILaunchScreen_Generation = YES;
				INFOPLIST_KEY_UISupportedInterfaceOrientations_iPad = "UIInterfaceOrientationPortrait UIInterfaceOrientationPortraitUpsideDown UIInterfaceOrientationLandscapeLeft UIInterfaceOrientationLandscapeRight";
				INFOPLIST_KEY_UISupportedInterfaceOrientations_iPhone = "UIInterfaceOrientationPortrait UIInterfaceOrientationLandscapeLeft UIInterfaceOrientationLandscapeRight";
				LD_RUNPATH_SEARCH_PATHS = (
					"$(inherited)",
					"@executable_path/Frameworks",
				);
				MARKETING_VERSION = 1.0;
				PRODUCT_BUNDLE_IDENTIFIER = com.sherstyuk.HabitOK;
				PRODUCT_NAME = "$(TARGET_NAME)";
				SWIFT_EMIT_LOC_STRINGS = YES;
				SWIFT_VERSION = 5.0;
				TARGETED_DEVICE_FAMILY = "1,2";
			};
			name = Release;
		};
/* End XCBuildConfiguration section */

/* Begin XCConfigurationList section */
		05E7AA4D27EDC79000638EE0 /* Build configuration list for PBXProject "HabitOK" */ = {
			isa = XCConfigurationList;
			buildConfigurations = (
				05E7AA5E27EDC79100638EE0 /* Debug */,
				05E7AA5F27EDC79100638EE0 /* Release */,
			);
			defaultConfigurationIsVisible = 0;
			defaultConfigurationName = Release;
		};
		05E7AA6027EDC79100638EE0 /* Build configuration list for PBXNativeTarget "HabitOK" */ = {
			isa = XCConfigurationList;
			buildConfigurations = (
				05E7AA6127EDC79100638EE0 /* Debug */,
				05E7AA6227EDC79100638EE0 /* Release */,
			);
			defaultConfigurationIsVisible = 0;
			defaultConfigurationName = Release;
		};
/* End XCConfigurationList section */

/* Begin XCVersionGroup section */
		05E7AA6327EDC8FD00638EE0 /* HabitModel.xcdatamodeld */ = {
			isa = XCVersionGroup;
			children = (
				05E7AA6427EDC8FD00638EE0 /* HabitModel.xcdatamodel */,
			);
			currentVersion = 05E7AA6427EDC8FD00638EE0 /* HabitModel.xcdatamodel */;
			path = HabitModel.xcdatamodeld;
			sourceTree = "<group>";
			versionGroupType = wrapper.xcdatamodel;
		};
/* End XCVersionGroup section */
	};
	rootObject = 05E7AA4A27EDC79000638EE0 /* Project object */;
}
